// !$*UTF8*$!
{
	archiveVersion = 1;
	classes = {
	};
	objectVersion = 46;
	objects = {

/* Begin PBXBuildFile section */
		883F1190196863FA00A9B945 /* LaunchImage.png in Resources */ = {isa = PBXBuildFile; fileRef = 883F118F196863FA00A9B945 /* LaunchImage.png */; };
		88A9D06B19685CF700FE9ACB /* SettingsViewController.m in Sources */ = {isa = PBXBuildFile; fileRef = 88A9D06A19685CF700FE9ACB /* SettingsViewController.m */; };
		88C8F8C91946E49C00206259 /* Foundation.framework in Frameworks */ = {isa = PBXBuildFile; fileRef = 88C8F8C81946E49C00206259 /* Foundation.framework */; };
		88C8F8CB1946E49C00206259 /* CoreGraphics.framework in Frameworks */ = {isa = PBXBuildFile; fileRef = 88C8F8CA1946E49C00206259 /* CoreGraphics.framework */; };
		88C8F8CD1946E49C00206259 /* UIKit.framework in Frameworks */ = {isa = PBXBuildFile; fileRef = 88C8F8CC1946E49C00206259 /* UIKit.framework */; };
		88C8F8D31946E49C00206259 /* InfoPlist.strings in Resources */ = {isa = PBXBuildFile; fileRef = 88C8F8D11946E49C00206259 /* InfoPlist.strings */; };
		88C8F8D51946E49C00206259 /* main.m in Sources */ = {isa = PBXBuildFile; fileRef = 88C8F8D41946E49C00206259 /* main.m */; };
		88C8F8D91946E49C00206259 /* AppDelegate.m in Sources */ = {isa = PBXBuildFile; fileRef = 88C8F8D81946E49C00206259 /* AppDelegate.m */; };
		88C8F8DC1946E49C00206259 /* Main.storyboard in Resources */ = {isa = PBXBuildFile; fileRef = 88C8F8DA1946E49C00206259 /* Main.storyboard */; };
		88C8F8E11946E49C00206259 /* Images.xcassets in Resources */ = {isa = PBXBuildFile; fileRef = 88C8F8E01946E49C00206259 /* Images.xcassets */; };
		88C8F8E81946E49C00206259 /* XCTest.framework in Frameworks */ = {isa = PBXBuildFile; fileRef = 88C8F8E71946E49C00206259 /* XCTest.framework */; };
		88C8F8E91946E49C00206259 /* Foundation.framework in Frameworks */ = {isa = PBXBuildFile; fileRef = 88C8F8C81946E49C00206259 /* Foundation.framework */; };
		88C8F8EA1946E49C00206259 /* UIKit.framework in Frameworks */ = {isa = PBXBuildFile; fileRef = 88C8F8CC1946E49C00206259 /* UIKit.framework */; };
		88C8F8F21946E49C00206259 /* InfoPlist.strings in Resources */ = {isa = PBXBuildFile; fileRef = 88C8F8F01946E49C00206259 /* InfoPlist.strings */; };
		88C8F8F41946E49C00206259 /* BLE_iPadTests.m in Sources */ = {isa = PBXBuildFile; fileRef = 88C8F8F31946E49C00206259 /* BLE_iPadTests.m */; };
		88C8F8FE1946E4AB00206259 /* CoreBluetooth.framework in Frameworks */ = {isa = PBXBuildFile; fileRef = 88C8F8FD1946E4AB00206259 /* CoreBluetooth.framework */; };
		88C8F9011946E58100206259 /* MainViewController.m in Sources */ = {isa = PBXBuildFile; fileRef = 88C8F9001946E58000206259 /* MainViewController.m */; };
		88C8F9051946E5D600206259 /* bitpacker.c in Sources */ = {isa = PBXBuildFile; fileRef = 88C8F9031946E5D600206259 /* bitpacker.c */; };
/* End PBXBuildFile section */

/* Begin PBXContainerItemProxy section */
		88C8F8EB1946E49C00206259 /* PBXContainerItemProxy */ = {
			isa = PBXContainerItemProxy;
			containerPortal = 88C8F8BD1946E49C00206259 /* Project object */;
			proxyType = 1;
			remoteGlobalIDString = 88C8F8C41946E49C00206259;
			remoteInfo = BLE_iPad;
		};
/* End PBXContainerItemProxy section */

/* Begin PBXFileReference section */
		880E5769195180EA002D1150 /* samplingPeriods.h */ = {isa = PBXFileReference; lastKnownFileType = sourcecode.c.h; path = samplingPeriods.h; sourceTree = "<group>"; };
		883F118F196863FA00A9B945 /* LaunchImage.png */ = {isa = PBXFileReference; lastKnownFileType = image.png; path = LaunchImage.png; sourceTree = "<group>"; };
		88A9D06919685CF700FE9ACB /* SettingsViewController.h */ = {isa = PBXFileReference; fileEncoding = 4; lastKnownFileType = sourcecode.c.h; path = SettingsViewController.h; sourceTree = "<group>"; };
		88A9D06A19685CF700FE9ACB /* SettingsViewController.m */ = {isa = PBXFileReference; fileEncoding = 4; lastKnownFileType = sourcecode.c.objc; path = SettingsViewController.m; sourceTree = "<group>"; };
		88C8F8C51946E49C00206259 /* BLE_iPad.app */ = {isa = PBXFileReference; explicitFileType = wrapper.application; includeInIndex = 0; path = BLE_iPad.app; sourceTree = BUILT_PRODUCTS_DIR; };
		88C8F8C81946E49C00206259 /* Foundation.framework */ = {isa = PBXFileReference; lastKnownFileType = wrapper.framework; name = Foundation.framework; path = System/Library/Frameworks/Foundation.framework; sourceTree = SDKROOT; };
		88C8F8CA1946E49C00206259 /* CoreGraphics.framework */ = {isa = PBXFileReference; lastKnownFileType = wrapper.framework; name = CoreGraphics.framework; path = System/Library/Frameworks/CoreGraphics.framework; sourceTree = SDKROOT; };
		88C8F8CC1946E49C00206259 /* UIKit.framework */ = {isa = PBXFileReference; lastKnownFileType = wrapper.framework; name = UIKit.framework; path = System/Library/Frameworks/UIKit.framework; sourceTree = SDKROOT; };
		88C8F8D01946E49C00206259 /* BLE_iPad-Info.plist */ = {isa = PBXFileReference; lastKnownFileType = text.plist.xml; path = "BLE_iPad-Info.plist"; sourceTree = "<group>"; };
		88C8F8D21946E49C00206259 /* en */ = {isa = PBXFileReference; lastKnownFileType = text.plist.strings; name = en; path = en.lproj/InfoPlist.strings; sourceTree = "<group>"; };
		88C8F8D41946E49C00206259 /* main.m */ = {isa = PBXFileReference; lastKnownFileType = sourcecode.c.objc; path = main.m; sourceTree = "<group>"; };
		88C8F8D61946E49C00206259 /* BLE_iPad-Prefix.pch */ = {isa = PBXFileReference; lastKnownFileType = sourcecode.c.h; path = "BLE_iPad-Prefix.pch"; sourceTree = "<group>"; };
		88C8F8D71946E49C00206259 /* AppDelegate.h */ = {isa = PBXFileReference; lastKnownFileType = sourcecode.c.h; path = AppDelegate.h; sourceTree = "<group>"; };
		88C8F8D81946E49C00206259 /* AppDelegate.m */ = {isa = PBXFileReference; lastKnownFileType = sourcecode.c.objc; path = AppDelegate.m; sourceTree = "<group>"; };
		88C8F8DB1946E49C00206259 /* Base */ = {isa = PBXFileReference; lastKnownFileType = file.storyboard; name = Base; path = Base.lproj/Main.storyboard; sourceTree = "<group>"; };
		88C8F8E01946E49C00206259 /* Images.xcassets */ = {isa = PBXFileReference; lastKnownFileType = folder.assetcatalog; path = Images.xcassets; sourceTree = "<group>"; };
		88C8F8E61946E49C00206259 /* BLE_iPadTests.xctest */ = {isa = PBXFileReference; explicitFileType = wrapper.cfbundle; includeInIndex = 0; path = BLE_iPadTests.xctest; sourceTree = BUILT_PRODUCTS_DIR; };
		88C8F8E71946E49C00206259 /* XCTest.framework */ = {isa = PBXFileReference; lastKnownFileType = wrapper.framework; name = XCTest.framework; path = Library/Frameworks/XCTest.framework; sourceTree = DEVELOPER_DIR; };
		88C8F8EF1946E49C00206259 /* BLE_iPadTests-Info.plist */ = {isa = PBXFileReference; lastKnownFileType = text.plist.xml; path = "BLE_iPadTests-Info.plist"; sourceTree = "<group>"; };
		88C8F8F11946E49C00206259 /* en */ = {isa = PBXFileReference; lastKnownFileType = text.plist.strings; name = en; path = en.lproj/InfoPlist.strings; sourceTree = "<group>"; };
		88C8F8F31946E49C00206259 /* BLE_iPadTests.m */ = {isa = PBXFileReference; lastKnownFileType = sourcecode.c.objc; path = BLE_iPadTests.m; sourceTree = "<group>"; };
		88C8F8FD1946E4AB00206259 /* CoreBluetooth.framework */ = {isa = PBXFileReference; lastKnownFileType = wrapper.framework; name = CoreBluetooth.framework; path = System/Library/Frameworks/CoreBluetooth.framework; sourceTree = SDKROOT; };
		88C8F8FF1946E58000206259 /* MainViewController.h */ = {isa = PBXFileReference; fileEncoding = 4; lastKnownFileType = sourcecode.c.h; name = MainViewController.h; path = ../MainViewController.h; sourceTree = "<group>"; };
		88C8F9001946E58000206259 /* MainViewController.m */ = {isa = PBXFileReference; fileEncoding = 4; lastKnownFileType = sourcecode.c.objc; name = MainViewController.m; path = ../MainViewController.m; sourceTree = "<group>"; };
		88C8F9021946E5CE00206259 /* TransferService.h */ = {isa = PBXFileReference; lastKnownFileType = sourcecode.c.h; path = TransferService.h; sourceTree = "<group>"; };
		88C8F9031946E5D600206259 /* bitpacker.c */ = {isa = PBXFileReference; fileEncoding = 4; lastKnownFileType = sourcecode.c.c; path = bitpacker.c; sourceTree = "<group>"; };
		88C8F9041946E5D600206259 /* bitpacker.h */ = {isa = PBXFileReference; fileEncoding = 4; lastKnownFileType = sourcecode.c.h; path = bitpacker.h; sourceTree = "<group>"; };
		88C8F9061946EC2000206259 /* timerConstants.h */ = {isa = PBXFileReference; fileEncoding = 4; lastKnownFileType = sourcecode.c.h; path = timerConstants.h; sourceTree = "<group>"; };
/* End PBXFileReference section */

/* Begin PBXFrameworksBuildPhase section */
		88C8F8C21946E49C00206259 /* Frameworks */ = {
			isa = PBXFrameworksBuildPhase;
			buildActionMask = 2147483647;
			files = (
				88C8F8FE1946E4AB00206259 /* CoreBluetooth.framework in Frameworks */,
				88C8F8CB1946E49C00206259 /* CoreGraphics.framework in Frameworks */,
				88C8F8CD1946E49C00206259 /* UIKit.framework in Frameworks */,
				88C8F8C91946E49C00206259 /* Foundation.framework in Frameworks */,
			);
			runOnlyForDeploymentPostprocessing = 0;
		};
		88C8F8E31946E49C00206259 /* Frameworks */ = {
			isa = PBXFrameworksBuildPhase;
			buildActionMask = 2147483647;
			files = (
				88C8F8E81946E49C00206259 /* XCTest.framework in Frameworks */,
				88C8F8EA1946E49C00206259 /* UIKit.framework in Frameworks */,
				88C8F8E91946E49C00206259 /* Foundation.framework in Frameworks */,
			);
			runOnlyForDeploymentPostprocessing = 0;
		};
/* End PBXFrameworksBuildPhase section */

/* Begin PBXGroup section */
		88C8F8BC1946E49C00206259 = {
			isa = PBXGroup;
			children = (
				88C8F9031946E5D600206259 /* bitpacker.c */,
				88C8F9041946E5D600206259 /* bitpacker.h */,
				88C8F8CE1946E49C00206259 /* BLE_iPad */,
				88C8F8ED1946E49C00206259 /* BLE_iPadTests */,
				88C8F8C71946E49C00206259 /* Frameworks */,
				88C8F8C61946E49C00206259 /* Products */,
			);
			sourceTree = "<group>";
		};
		88C8F8C61946E49C00206259 /* Products */ = {
			isa = PBXGroup;
			children = (
				88C8F8C51946E49C00206259 /* BLE_iPad.app */,
				88C8F8E61946E49C00206259 /* BLE_iPadTests.xctest */,
			);
			name = Products;
			sourceTree = "<group>";
		};
		88C8F8C71946E49C00206259 /* Frameworks */ = {
			isa = PBXGroup;
			children = (
				88C8F8FD1946E4AB00206259 /* CoreBluetooth.framework */,
				88C8F8C81946E49C00206259 /* Foundation.framework */,
				88C8F8CA1946E49C00206259 /* CoreGraphics.framework */,
				88C8F8CC1946E49C00206259 /* UIKit.framework */,
				88C8F8E71946E49C00206259 /* XCTest.framework */,
			);
			name = Frameworks;
			sourceTree = "<group>";
		};
		88C8F8CE1946E49C00206259 /* BLE_iPad */ = {
			isa = PBXGroup;
			children = (
				88C8F9021946E5CE00206259 /* TransferService.h */,
				880E5769195180EA002D1150 /* samplingPeriods.h */,
				88C8F8FF1946E58000206259 /* MainViewController.h */,
				88C8F9001946E58000206259 /* MainViewController.m */,
				88A9D06919685CF700FE9ACB /* SettingsViewController.h */,
				88A9D06A19685CF700FE9ACB /* SettingsViewController.m */,
				88C8F9061946EC2000206259 /* timerConstants.h */,
				88C8F8D71946E49C00206259 /* AppDelegate.h */,
				88C8F8D81946E49C00206259 /* AppDelegate.m */,
				88C8F8DA1946E49C00206259 /* Main.storyboard */,
				88C8F8E01946E49C00206259 /* Images.xcassets */,
				88C8F8CF1946E49C00206259 /* Supporting Files */,
			);
			path = BLE_iPad;
			sourceTree = "<group>";
		};
		88C8F8CF1946E49C00206259 /* Supporting Files */ = {
			isa = PBXGroup;
			children = (
				883F118F196863FA00A9B945 /* LaunchImage.png */,
				88C8F8D01946E49C00206259 /* BLE_iPad-Info.plist */,
				88C8F8D11946E49C00206259 /* InfoPlist.strings */,
				88C8F8D41946E49C00206259 /* main.m */,
				88C8F8D61946E49C00206259 /* BLE_iPad-Prefix.pch */,
			);
			name = "Supporting Files";
			sourceTree = "<group>";
		};
		88C8F8ED1946E49C00206259 /* BLE_iPadTests */ = {
			isa = PBXGroup;
			children = (
				88C8F8F31946E49C00206259 /* BLE_iPadTests.m */,
				88C8F8EE1946E49C00206259 /* Supporting Files */,
			);
			path = BLE_iPadTests;
			sourceTree = "<group>";
		};
		88C8F8EE1946E49C00206259 /* Supporting Files */ = {
			isa = PBXGroup;
			children = (
				88C8F8EF1946E49C00206259 /* BLE_iPadTests-Info.plist */,
				88C8F8F01946E49C00206259 /* InfoPlist.strings */,
			);
			name = "Supporting Files";
			sourceTree = "<group>";
		};
/* End PBXGroup section */

/* Begin PBXNativeTarget section */
		88C8F8C41946E49C00206259 /* BLE_iPad */ = {
			isa = PBXNativeTarget;
			buildConfigurationList = 88C8F8F71946E49C00206259 /* Build configuration list for PBXNativeTarget "BLE_iPad" */;
			buildPhases = (
				88C8F8C11946E49C00206259 /* Sources */,
				88C8F8C21946E49C00206259 /* Frameworks */,
				88C8F8C31946E49C00206259 /* Resources */,
			);
			buildRules = (
			);
			dependencies = (
			);
			name = BLE_iPad;
			productName = BLE_iPad;
			productReference = 88C8F8C51946E49C00206259 /* BLE_iPad.app */;
			productType = "com.apple.product-type.application";
		};
		88C8F8E51946E49C00206259 /* BLE_iPadTests */ = {
			isa = PBXNativeTarget;
			buildConfigurationList = 88C8F8FA1946E49C00206259 /* Build configuration list for PBXNativeTarget "BLE_iPadTests" */;
			buildPhases = (
				88C8F8E21946E49C00206259 /* Sources */,
				88C8F8E31946E49C00206259 /* Frameworks */,
				88C8F8E41946E49C00206259 /* Resources */,
			);
			buildRules = (
			);
			dependencies = (
				88C8F8EC1946E49C00206259 /* PBXTargetDependency */,
			);
			name = BLE_iPadTests;
			productName = BLE_iPadTests;
			productReference = 88C8F8E61946E49C00206259 /* BLE_iPadTests.xctest */;
			productType = "com.apple.product-type.bundle.unit-test";
		};
/* End PBXNativeTarget section */

/* Begin PBXProject section */
		88C8F8BD1946E49C00206259 /* Project object */ = {
			isa = PBXProject;
			attributes = {
				LastUpgradeCheck = 0510;
				ORGANIZATIONNAME = "Aurelien Merz";
				TargetAttributes = {
					88C8F8E51946E49C00206259 = {
						TestTargetID = 88C8F8C41946E49C00206259;
					};
				};
			};
			buildConfigurationList = 88C8F8C01946E49C00206259 /* Build configuration list for PBXProject "BLE_iPad" */;
			compatibilityVersion = "Xcode 3.2";
			developmentRegion = English;
			hasScannedForEncodings = 0;
			knownRegions = (
				en,
				Base,
			);
			mainGroup = 88C8F8BC1946E49C00206259;
			productRefGroup = 88C8F8C61946E49C00206259 /* Products */;
			projectDirPath = "";
			projectRoot = "";
			targets = (
				88C8F8C41946E49C00206259 /* BLE_iPad */,
				88C8F8E51946E49C00206259 /* BLE_iPadTests */,
			);
		};
/* End PBXProject section */

/* Begin PBXResourcesBuildPhase section */
		88C8F8C31946E49C00206259 /* Resources */ = {
			isa = PBXResourcesBuildPhase;
			buildActionMask = 2147483647;
			files = (
				883F1190196863FA00A9B945 /* LaunchImage.png in Resources */,
				88C8F8E11946E49C00206259 /* Images.xcassets in Resources */,
				88C8F8D31946E49C00206259 /* InfoPlist.strings in Resources */,
				88C8F8DC1946E49C00206259 /* Main.storyboard in Resources */,
			);
			runOnlyForDeploymentPostprocessing = 0;
		};
		88C8F8E41946E49C00206259 /* Resources */ = {
			isa = PBXResourcesBuildPhase;
			buildActionMask = 2147483647;
			files = (
				88C8F8F21946E49C00206259 /* InfoPlist.strings in Resources */,
			);
			runOnlyForDeploymentPostprocessing = 0;
		};
/* End PBXResourcesBuildPhase section */

/* Begin PBXSourcesBuildPhase section */
		88C8F8C11946E49C00206259 /* Sources */ = {
			isa = PBXSourcesBuildPhase;
			buildActionMask = 2147483647;
			files = (
				88C8F8D91946E49C00206259 /* AppDelegate.m in Sources */,
				88C8F9051946E5D600206259 /* bitpacker.c in Sources */,
				88A9D06B19685CF700FE9ACB /* SettingsViewController.m in Sources */,
				88C8F9011946E58100206259 /* MainViewController.m in Sources */,
				88C8F8D51946E49C00206259 /* main.m in Sources */,
			);
			runOnlyForDeploymentPostprocessing = 0;
		};
		88C8F8E21946E49C00206259 /* Sources */ = {
			isa = PBXSourcesBuildPhase;
			buildActionMask = 2147483647;
			files = (
				88C8F8F41946E49C00206259 /* BLE_iPadTests.m in Sources */,
			);
			runOnlyForDeploymentPostprocessing = 0;
		};
/* End PBXSourcesBuildPhase section */

/* Begin PBXTargetDependency section */
		88C8F8EC1946E49C00206259 /* PBXTargetDependency */ = {
			isa = PBXTargetDependency;
			target = 88C8F8C41946E49C00206259 /* BLE_iPad */;
			targetProxy = 88C8F8EB1946E49C00206259 /* PBXContainerItemProxy */;
		};
/* End PBXTargetDependency section */

/* Begin PBXVariantGroup section */
		88C8F8D11946E49C00206259 /* InfoPlist.strings */ = {
			isa = PBXVariantGroup;
			children = (
				88C8F8D21946E49C00206259 /* en */,
			);
			name = InfoPlist.strings;
			sourceTree = "<group>";
		};
		88C8F8DA1946E49C00206259 /* Main.storyboard */ = {
			isa = PBXVariantGroup;
			children = (
				88C8F8DB1946E49C00206259 /* Base */,
			);
			name = Main.storyboard;
			sourceTree = "<group>";
		};
		88C8F8F01946E49C00206259 /* InfoPlist.strings */ = {
			isa = PBXVariantGroup;
			children = (
				88C8F8F11946E49C00206259 /* en */,
			);
			name = InfoPlist.strings;
			sourceTree = "<group>";
		};
/* End PBXVariantGroup section */

/* Begin XCBuildConfiguration section */
		88C8F8F51946E49C00206259 /* Debug */ = {
			isa = XCBuildConfiguration;
			buildSettings = {
				ALWAYS_SEARCH_USER_PATHS = NO;
				CLANG_CXX_LANGUAGE_STANDARD = "gnu++0x";
				CLANG_CXX_LIBRARY = "libc++";
				CLANG_ENABLE_MODULES = YES;
				CLANG_ENABLE_OBJC_ARC = YES;
				CLANG_WARN_BOOL_CONVERSION = YES;
				CLANG_WARN_CONSTANT_CONVERSION = YES;
				CLANG_WARN_DIRECT_OBJC_ISA_USAGE = YES_ERROR;
				CLANG_WARN_EMPTY_BODY = YES;
				CLANG_WARN_ENUM_CONVERSION = YES;
				CLANG_WARN_INT_CONVERSION = YES;
				CLANG_WARN_OBJC_ROOT_CLASS = YES_ERROR;
				CLANG_WARN__DUPLICATE_METHOD_MATCH = YES;
				"CODE_SIGN_IDENTITY[sdk=iphoneos*]" = "iPhone Developer";
				COPY_PHASE_STRIP = NO;
				GCC_C_LANGUAGE_STANDARD = gnu99;
				GCC_DYNAMIC_NO_PIC = NO;
				GCC_OPTIMIZATION_LEVEL = 0;
				GCC_PREPROCESSOR_DEFINITIONS = (
					"DEBUG=1",
					"$(inherited)",
				);
				GCC_SYMBOLS_PRIVATE_EXTERN = NO;
				GCC_WARN_64_TO_32_BIT_CONVERSION = YES;
				GCC_WARN_ABOUT_RETURN_TYPE = YES_ERROR;
				GCC_WARN_UNDECLARED_SELECTOR = YES;
				GCC_WARN_UNINITIALIZED_AUTOS = YES_AGGRESSIVE;
				GCC_WARN_UNUSED_FUNCTION = YES;
				GCC_WARN_UNUSED_VARIABLE = YES;
				IPHONEOS_DEPLOYMENT_TARGET = 7.1;
				ONLY_ACTIVE_ARCH = YES;
				SDKROOT = iphoneos;
				TARGETED_DEVICE_FAMILY = 2;
			};
			name = Debug;
		};
		88C8F8F61946E49C00206259 /* Release */ = {
			isa = XCBuildConfiguration;
			buildSettings = {
				ALWAYS_SEARCH_USER_PATHS = NO;
				CLANG_CXX_LANGUAGE_STANDARD = "gnu++0x";
				CLANG_CXX_LIBRARY = "libc++";
				CLANG_ENABLE_MODULES = YES;
				CLANG_ENABLE_OBJC_ARC = YES;
				CLANG_WARN_BOOL_CONVERSION = YES;
				CLANG_WARN_CONSTANT_CONVERSION = YES;
				CLANG_WARN_DIRECT_OBJC_ISA_USAGE = YES_ERROR;
				CLANG_WARN_EMPTY_BODY = YES;
				CLANG_WARN_ENUM_CONVERSION = YES;
				CLANG_WARN_INT_CONVERSION = YES;
				CLANG_WARN_OBJC_ROOT_CLASS = YES_ERROR;
				CLANG_WARN__DUPLICATE_METHOD_MATCH = YES;
				"CODE_SIGN_IDENTITY[sdk=iphoneos*]" = "iPhone Developer";
				COPY_PHASE_STRIP = YES;
				ENABLE_NS_ASSERTIONS = NO;
				GCC_C_LANGUAGE_STANDARD = gnu99;
				GCC_WARN_64_TO_32_BIT_CONVERSION = YES;
				GCC_WARN_ABOUT_RETURN_TYPE = YES_ERROR;
				GCC_WARN_UNDECLARED_SELECTOR = YES;
				GCC_WARN_UNINITIALIZED_AUTOS = YES_AGGRESSIVE;
				GCC_WARN_UNUSED_FUNCTION = YES;
				GCC_WARN_UNUSED_VARIABLE = YES;
				IPHONEOS_DEPLOYMENT_TARGET = 7.1;
				SDKROOT = iphoneos;
				TARGETED_DEVICE_FAMILY = 2;
				VALIDATE_PRODUCT = YES;
			};
			name = Release;
		};
		88C8F8F81946E49C00206259 /* Debug */ = {
			isa = XCBuildConfiguration;
			buildSettings = {
				ASSETCATALOG_COMPILER_APPICON_NAME = AppIcon;
				ASSETCATALOG_COMPILER_LAUNCHIMAGE_NAME = LaunchImage;
				GCC_PRECOMPILE_PREFIX_HEADER = YES;
				GCC_PREFIX_HEADER = "BLE_iPad/BLE_iPad-Prefix.pch";
				INFOPLIST_FILE = "BLE_iPad/BLE_iPad-Info.plist";
				PRODUCT_NAME = "$(TARGET_NAME)";
				WRAPPER_EXTENSION = app;
			};
			name = Debug;
		};
		88C8F8F91946E49C00206259 /* Release */ = {
			isa = XCBuildConfiguration;
			buildSettings = {
				ASSETCATALOG_COMPILER_APPICON_NAME = AppIcon;
				ASSETCATALOG_COMPILER_LAUNCHIMAGE_NAME = LaunchImage;
				GCC_PRECOMPILE_PREFIX_HEADER = YES;
				GCC_PREFIX_HEADER = "BLE_iPad/BLE_iPad-Prefix.pch";
				INFOPLIST_FILE = "BLE_iPad/BLE_iPad-Info.plist";
				PRODUCT_NAME = "$(TARGET_NAME)";
				WRAPPER_EXTENSION = app;
			};
			name = Release;
		};
		88C8F8FB1946E49C00206259 /* Debug */ = {
			isa = XCBuildConfiguration;
			buildSettings = {
				BUNDLE_LOADER = "$(BUILT_PRODUCTS_DIR)/BLE_iPad.app/BLE_iPad";
				FRAMEWORK_SEARCH_PATHS = (
					"$(SDKROOT)/Developer/Library/Frameworks",
					"$(inherited)",
					"$(DEVELOPER_FRAMEWORKS_DIR)",
				);
				GCC_PRECOMPILE_PREFIX_HEADER = YES;
				GCC_PREFIX_HEADER = "BLE_iPad/BLE_iPad-Prefix.pch";
				GCC_PREPROCESSOR_DEFINITIONS = (
					"DEBUG=1",
					"$(inherited)",
				);
				INFOPLIST_FILE = "BLE_iPadTests/BLE_iPadTests-Info.plist";
				PRODUCT_NAME = "$(TARGET_NAME)";
				TEST_HOST = "$(BUNDLE_LOADER)";
				WRAPPER_EXTENSION = xctest;
			};
			name = Debug;
		};
		88C8F8FC1946E49C00206259 /* Release */ = {
			isa = XCBuildConfiguration;
			buildSettings = {
				BUNDLE_LOADER = "$(BUILT_PRODUCTS_DIR)/BLE_iPad.app/BLE_iPad";
				FRAMEWORK_SEARCH_PATHS = (
					"$(SDKROOT)/Developer/Library/Frameworks",
					"$(inherited)",
					"$(DEVELOPER_FRAMEWORKS_DIR)",
				);
				GCC_PRECOMPILE_PREFIX_HEADER = YES;
				GCC_PREFIX_HEADER = "BLE_iPad/BLE_iPad-Prefix.pch";
				INFOPLIST_FILE = "BLE_iPadTests/BLE_iPadTests-Info.plist";
				PRODUCT_NAME = "$(TARGET_NAME)";
				TEST_HOST = "$(BUNDLE_LOADER)";
				WRAPPER_EXTENSION = xctest;
			};
			name = Release;
		};
/* End XCBuildConfiguration section */

/* Begin XCConfigurationList section */
		88C8F8C01946E49C00206259 /* Build configuration list for PBXProject "BLE_iPad" */ = {
			isa = XCConfigurationList;
			buildConfigurations = (
				88C8F8F51946E49C00206259 /* Debug */,
				88C8F8F61946E49C00206259 /* Release */,
			);
			defaultConfigurationIsVisible = 0;
			defaultConfigurationName = Release;
		};
		88C8F8F71946E49C00206259 /* Build configuration list for PBXNativeTarget "BLE_iPad" */ = {
			isa = XCConfigurationList;
			buildConfigurations = (
				88C8F8F81946E49C00206259 /* Debug */,
				88C8F8F91946E49C00206259 /* Release */,
			);
			defaultConfigurationIsVisible = 0;
			defaultConfigurationName = Release;
		};
		88C8F8FA1946E49C00206259 /* Build configuration list for PBXNativeTarget "BLE_iPadTests" */ = {
			isa = XCConfigurationList;
			buildConfigurations = (
				88C8F8FB1946E49C00206259 /* Debug */,
				88C8F8FC1946E49C00206259 /* Release */,
			);
			defaultConfigurationIsVisible = 0;
			defaultConfigurationName = Release;
		};
/* End XCConfigurationList section */
	};
	rootObject = 88C8F8BD1946E49C00206259 /* Project object */;
}
